# This file is autogenerated, do not edit; changes may be undone by the next 'dep ensure'.


[[projects]]
  digest = "1:e4c297e9d12a9f9da34ea8d35e1fa1b71c82c580c032ef79c050c1c0e0c29c7e"
  name = "github.com/jcchavezs/zipkin-instrumentation-sql"
  packages = ["."]
  pruneopts = "UT"
  revision = "e1683017dc0576895a68d596f3b343bc4a9abb16"
  version = "0.4.0"

[[projects]]
  digest = "1:6c41d4f998a03b6604227ccad36edaed6126c397e5d78709ef4814a1145a6757"
  name = "github.com/jmoiron/sqlx"
  packages = [
    ".",
    "reflectx",
  ]
  pruneopts = "UT"
  revision = "d161d7a76b5661016ad0b085869f77fd410f3e6a"
  version = "v1.2.0"

[[projects]]
  digest = "1:8ef506fc2bb9ced9b151dafa592d4046063d744c646c1bbe801982ce87e4bc24"
  name = "github.com/lib/pq"
  packages = [
    ".",
    "oid",
  ]
  pruneopts = "UT"
  revision = "4ded0e9383f75c197b3a2aaa6d590ac52df6fd79"
  version = "v1.0.0"

[[projects]]
  digest = "1:38c4f1afe94a0f81fa535a290420353493191b95ed388aca01d84d71acda7199"
  name = "github.com/openzipkin/zipkin-go"
  packages = [
    ".",
    "idgenerator",
    "middleware/http",
    "model",
    "propagation",
    "propagation/b3",
    "reporter",
    "reporter/http",
  ]
  pruneopts = "UT"
  revision = "bf896b1c622eed731380e8291d9b6c02043de5e8"
  version = "v0.1.5"

[[projects]]
  digest = "1:ff8f87e537095bf44c46b676f64f81a4f02c7d0f757d68e901599b5bf52f919d"
  name = "google.golang.org/grpc"
  packages = ["metadata"]
  pruneopts = "UT"
  revision = "a02b0774206b209466313a0b525d2c738fe407eb"
  version = "v1.18.0"

[solve-meta]
  analyzer-name = "dep"
  analyzer-version = 1
  input-imports = [
    "github.com/jcchavezs/zipkin-instrumentation-sql",
    "github.com/jmoiron/sqlx",
    "github.com/lib/pq",
    "github.com/openzipkin/zipkin-go",
    "github.com/openzipkin/zipkin-go/middleware/http",
    "github.com/openzipkin/zipkin-go/reporter/http",
  ]
  solver-name = "gps-cdcl"
  solver-version = 1
